
Microsoft Visual Studio Solution File, Format Version 12.00
# Visual Studio Version 17
VisualStudioVersion = 17.4.33205.214
MinimumVisualStudioVersion = 10.0.40219.1
Project("{9A19103F-16F7-4668-BE54-9A1E7A4F7556}") = "DrivingSchool.API", "DrivingSchool.API\DrivingSchool.API.csproj", "{94006ED5-4838-4AF0-A3E8-82B8CC9E4DA5}"
EndProject
Project("{9A19103F-16F7-4668-BE54-9A1E7A4F7556}") = "DrivingSchool.Repository", "DrivingSchool.Repository\DrivingSchool.Repository.csproj", "{426DD437-4973-4B63-BCA0-51D6EBFFC0E8}"
EndProject
Global
	GlobalSection(SolutionConfigurationPlatforms) = preSolution
		Debug|Any CPU = Debug|Any CPU
		Release|Any CPU = Release|Any CPU
	EndGlobalSection
	GlobalSection(ProjectConfigurationPlatforms) = postSolution
		{94006ED5-4838-4AF0-A3E8-82B8CC9E4DA5}.Debug|Any CPU.ActiveCfg = Debug|Any CPU
		{94006ED5-4838-4AF0-A3E8-82B8CC9E4DA5}.Debug|Any CPU.Build.0 = Debug|Any CPU
		{94006ED5-4838-4AF0-A3E8-82B8CC9E4DA5}.Release|Any CPU.ActiveCfg = Release|Any CPU
		{94006ED5-4838-4AF0-A3E8-82B8CC9E4DA5}.Release|Any CPU.Build.0 = Release|Any CPU
		{426DD437-4973-4B63-BCA0-51D6EBFFC0E8}.Debug|Any CPU.ActiveCfg = Debug|Any CPU
		{426DD437-4973-4B63-BCA0-51D6EBFFC0E8}.Debug|Any CPU.Build.0 = Debug|Any CPU
		{426DD437-4973-4B63-BCA0-51D6EBFFC0E8}.Release|Any CPU.ActiveCfg = Release|Any CPU
		{426DD437-4973-4B63-BCA0-51D6EBFFC0E8}.Release|Any CPU.Build.0 = Release|Any CPU
	EndGlobalSection
	GlobalSection(SolutionProperties) = preSolution
		HideSolutionNode = FALSE
	EndGlobalSection
	GlobalSection(ExtensibilityGlobals) = postSolution
		SolutionGuid = {2D10D8EA-2CEC-419A-8647-57159271C107}
	EndGlobalSection
EndGlobal
